lockfileVersion: '9.0'

settings:
  autoInstallPeers: true
  excludeLinksFromLockfile: false

importers:

  .:
    devDependencies:
      turbo:
        specifier: ^2.0.0
        version: 2.9.5
      typescript:
        specifier: ^5.5.0
        version: 5.9.3

packages:

  '@turbo/darwin-64@2.9.5':
    resolution: {integrity: sha512-qPxhKsLMQP+9+dsmPgAGidi5uNifD4AoAOnEnljab3Qgn0QZRR31Hp+/CgW3Ia5AanWj6JuLLTBYvuQj4mqTWg==}
    cpu: [x64]
    os: [darwin]

  '@turbo/darwin-arm64@2.9.5':
    resolution: {integrity: sha512-vkF/9F/l3aWd4bHxTui5Hh0F5xrTZ4e3rbBsc57zA6O8gNbmHN3B6eZ5psAIP2CnJRZ8ZxRjV3WZHeNXMXkPBw==}
    cpu: [arm64]
    os: [darwin]

  '@turbo/linux-64@2.9.5':
    resolution: {integrity: sha512-z/Get5NUaUxm5HSGFqVMICDRjFNsCUhSc4wnFa/PP1QD0NXCjr7bu9a2EM6md/KMCBW0Qe393Ac+UM7/ryDDTw==}
    cpu: [x64]
    os: [linux]

  '@turbo/linux-arm64@2.9.5':
    resolution: {integrity: sha512-jyBifaNoI5/NheyswomiZXJvjdAdvT7hDRYzQ4meP0DKGvpXUjnqsD+4/J2YSDQ34OHxFkL30FnSCUIVOh2PHw==}
    cpu: [arm64]
    os: [linux]

  '@turbo/windows-64@2.9.5':
    resolution: {integrity: sha512-ph24K5uPtvo7UfuyDXnBiB/8XvrO+RQWbbw5zkA/bVNoy9HDiNoIJJj3s62MxT9tjEb6DnPje5PXSz1UR7QAyg==}
    cpu: [x64]
    os: [win32]

  '@turbo/windows-arm64@2.9.5':
    resolution: {integrity: sha512-6c5RccT/+iR39SdT1G5HyZaD2n57W77o+l0TTfxG/cVlhV94Acyg2gTQW7zUOhW1BeQpBjHzu9x8yVBZwrHh7g==}
    cpu: [arm64]
    os: [win32]

  turbo@2.9.5:
    resolution: {integrity: sha512-JXNkRe6H6MjSlk5UQRTjyoKX5YN2zlc2632xcSlSFBao5yvbMWTpv9SNolOZlZmUlcDOHuszPLItbKrvcXnnZA==}
    hasBin: true

  typescript@5.9.3:
    resolution: {integrity: sha512-jl1vZzPDinLr9eUt3J/t7V6FgNEw9QjvBPdysz9KfQDD41fQrC2Y4vKQdiaUpFT4bXlb1RHhLpp8wtm6M5TgSw==}
    engines: {node: '>=14.17'}
    hasBin: true

snapshots:

  '@turbo/darwin-64@2.9.5':
    optional: true

  '@turbo/darwin-arm64@2.9.5':
    optional: true

  '@turbo/linux-64@2.9.5':
    optional: true

  '@turbo/linux-arm64@2.9.5':
    optional: true

  '@turbo/windows-64@2.9.5':
    optional: true

  '@turbo/windows-arm64@2.9.5':
    optional: true

  turbo@2.9.5:
    optionalDependencies:
      '@turbo/darwin-64': 2.9.5
      '@turbo/darwin-arm64': 2.9.5
      '@turbo/linux-64': 2.9.5
      '@turbo/linux-arm64': 2.9.5
      '@turbo/windows-64': 2.9.5
      '@turbo/windows-arm64': 2.9.5

  typescript@5.9.3: {}
